{
  "name": "localization",
  "lockfileVersion": 2,
  "requires": true,
  "packages": {
    "": {
      "name": "localization",
      "devDependencies": {
        "@types/i18n-js": "^3.8.3"
      }
    },
    "node_modules/@types/i18n-js": {
      "version": "3.8.3",
      "resolved": "https://registry.npmjs.org/@types/i18n-js/-/i18n-js-3.8.3.tgz",
      "integrity": "sha512-Y20B7kgoNrchIYCfty20zQYeFFJMHdegwy9VopCEKdByp7Tlv0jtWrfoRb+3r2mIvgrwp/eMwXhhXOBYKEFkTA==",
      "dev": true
    }
  },
  "dependencies": {
    "@types/i18n-js": {
      "version": "3.8.3",
      "resolved": "https://registry.npmjs.org/@types/i18n-js/-/i18n-js-3.8.3.tgz",
      "integrity": "sha512-Y20B7kgoNrchIYCfty20zQYeFFJMHdegwy9VopCEKdByp7Tlv0jtWrfoRb+3r2mIvgrwp/eMwXhhXOBYKEFkTA==",
      "dev": true
    }
  }
}
